github.com/nelsonsaake/go-ns v0.0.4 h1:bOVri1kClnEyDwV2Lfb6BoHS42xRR5NqtSJv6p/tSA8=
github.com/nelsonsaake/go-ns v0.0.4/go.mod h1:H1OZm6ies+SO/Kkhgg2UdTj4yYimQIpL/O76HtOYXJ8=
github.com/nelsonsaake/go-ns v0.0.5 h1://xsZBvNYDvN8KpJjClhCy45CULSjA/4N4r2X46+XIY=
github.com/nelsonsaake/go-ns v0.0.5/go.mod h1:H1OZm6ies+SO/Kkhgg2UdTj4yYimQIpL/O76HtOYXJ8=
github.com/nelsonsaake/go-ns v0.0.6 h1:Qyh2sb6XGUxvS0zg19xs4JbiM2XkBPtWMzbLuKi+Y7Y=
github.com/nelsonsaake/go-ns v0.0.6/go.mod h1:H1OZm6ies+SO/Kkhgg2UdTj4yYimQIpL/O76HtOYXJ8=
github.com/nelsonsaake/go-ns v0.0.7 h1:jzSleB/c41ZKPCKXrg0nyCU1+yAX+fMI+Q9LVEq/9jA=
github.com/nelsonsaake/go-ns v0.0.7/go.mod h1:H1OZm6ies+SO/Kkhgg2UdTj4yYimQIpL/O76HtOYXJ8=
